// !$*UTF8*$!
{
	archiveVersion = 1;
	classes = {
	};
	objectVersion = 50;
	objects = {

/* Begin PBXBuildFile section */
		62819B0220BD9A4D00FF4482 /* Butterfly.swift in Sources */ = {isa = PBXBuildFile; fileRef = 62819B0120BD9A4D00FF4482 /* Butterfly.swift */; };
		62819B0820BDA27000FF4482 /* ButterflyDetailHeaderView.swift in Sources */ = {isa = PBXBuildFile; fileRef = 62819B0720BDA27000FF4482 /* ButterflyDetailHeaderView.swift */; };
		62819B0A20BE70D400FF4482 /* ButterflyDetailIconTextCell.swift in Sources */ = {isa = PBXBuildFile; fileRef = 62819B0920BE70D400FF4482 /* ButterflyDetailIconTextCell.swift */; };
		62819B0C20BE73CA00FF4482 /* ButterflyDetailTextCell.swift in Sources */ = {isa = PBXBuildFile; fileRef = 62819B0B20BE73CA00FF4482 /* ButterflyDetailTextCell.swift */; };
		62819B1A20BEDEC800FF4482 /* Rubik-BlackItalic.ttf in Resources */ = {isa = PBXBuildFile; fileRef = 62819B0F20BEDEC000FF4482 /* Rubik-BlackItalic.ttf */; };
		62819B1B20BEDEC800FF4482 /* Rubik-BoldItalic.ttf in Resources */ = {isa = PBXBuildFile; fileRef = 62819B1020BEDEC100FF4482 /* Rubik-BoldItalic.ttf */; };
		62819B1C20BEDEC800FF4482 /* Rubik-Light.ttf in Resources */ = {isa = PBXBuildFile; fileRef = 62819B1120BEDEC100FF4482 /* Rubik-Light.ttf */; };
		62819B1D20BEDEC800FF4482 /* Rubik-Regular.ttf in Resources */ = {isa = PBXBuildFile; fileRef = 62819B1220BEDEC200FF4482 /* Rubik-Regular.ttf */; };
		62819B1E20BEDEC800FF4482 /* OFL.txt in Resources */ = {isa = PBXBuildFile; fileRef = 62819B1320BEDEC300FF4482 /* OFL.txt */; };
		62819B1F20BEDEC800FF4482 /* Rubik-Italic.ttf in Resources */ = {isa = PBXBuildFile; fileRef = 62819B1420BEDEC300FF4482 /* Rubik-Italic.ttf */; };
		62819B2020BEDEC800FF4482 /* Rubik-LightItalic.ttf in Resources */ = {isa = PBXBuildFile; fileRef = 62819B1520BEDEC400FF4482 /* Rubik-LightItalic.ttf */; };
		62819B2120BEDEC800FF4482 /* Rubik-Bold.ttf in Resources */ = {isa = PBXBuildFile; fileRef = 62819B1620BEDEC400FF4482 /* Rubik-Bold.ttf */; };
		62819B2220BEDEC800FF4482 /* Rubik-Medium.ttf in Resources */ = {isa = PBXBuildFile; fileRef = 62819B1720BEDEC500FF4482 /* Rubik-Medium.ttf */; };
		62819B2320BEDEC800FF4482 /* Rubik-MediumItalic.ttf in Resources */ = {isa = PBXBuildFile; fileRef = 62819B1820BEDEC600FF4482 /* Rubik-MediumItalic.ttf */; };
		62819B2420BEDEC800FF4482 /* Rubik-Black.ttf in Resources */ = {isa = PBXBuildFile; fileRef = 62819B1920BEDEC700FF4482 /* Rubik-Black.ttf */; };
		62A27DF220C143290009A9DF /* OFL.txt in Resources */ = {isa = PBXBuildFile; fileRef = 62A27DED20C143280009A9DF /* OFL.txt */; };
		62A27DF320C143290009A9DF /* PT_Sans-Web-Italic.ttf in Resources */ = {isa = PBXBuildFile; fileRef = 62A27DEE20C143280009A9DF /* PT_Sans-Web-Italic.ttf */; };
		62A27DF420C143290009A9DF /* PT_Sans-Web-Regular.ttf in Resources */ = {isa = PBXBuildFile; fileRef = 62A27DEF20C143280009A9DF /* PT_Sans-Web-Regular.ttf */; };
		62A27DF520C143290009A9DF /* PT_Sans-Web-BoldItalic.ttf in Resources */ = {isa = PBXBuildFile; fileRef = 62A27DF020C143280009A9DF /* PT_Sans-Web-BoldItalic.ttf */; };
		62A27DF620C143290009A9DF /* PT_Sans-Web-Bold.ttf in Resources */ = {isa = PBXBuildFile; fileRef = 62A27DF120C143290009A9DF /* PT_Sans-Web-Bold.ttf */; };
		62BCFA5D20DBEF28005C9F1A /* MapKit.framework in Frameworks */ = {isa = PBXBuildFile; fileRef = 62BCFA5C20DBEF28005C9F1A /* MapKit.framework */; };
		62BCFA5F20DBF39E005C9F1A /* ButterflyDetailSeparatorCell.swift in Sources */ = {isa = PBXBuildFile; fileRef = 62BCFA5E20DBF39E005C9F1A /* ButterflyDetailSeparatorCell.swift */; };
		62BCFA6120DBF494005C9F1A /* ButterflyDetailMapCell.swift in Sources */ = {isa = PBXBuildFile; fileRef = 62BCFA6020DBF494005C9F1A /* ButterflyDetailMapCell.swift */; };
		62BCFA6320DBFA00005C9F1A /* MapViewController.swift in Sources */ = {isa = PBXBuildFile; fileRef = 62BCFA6220DBFA00005C9F1A /* MapViewController.swift */; };
		62E31C5A209A1C3600B9FB8E /* AppDelegate.swift in Sources */ = {isa = PBXBuildFile; fileRef = 62E31C59209A1C3600B9FB8E /* AppDelegate.swift */; };
		62E31C5F209A1C3600B9FB8E /* Main.storyboard in Resources */ = {isa = PBXBuildFile; fileRef = 62E31C5D209A1C3600B9FB8E /* Main.storyboard */; };
		62E31C61209A1C3700B9FB8E /* Assets.xcassets in Resources */ = {isa = PBXBuildFile; fileRef = 62E31C60209A1C3700B9FB8E /* Assets.xcassets */; };
		62E31C64209A1C3700B9FB8E /* LaunchScreen.storyboard in Resources */ = {isa = PBXBuildFile; fileRef = 62E31C62209A1C3700B9FB8E /* LaunchScreen.storyboard */; };
		62E31C70209A23FC00B9FB8E /* ButterflyTableViewController.swift in Sources */ = {isa = PBXBuildFile; fileRef = 62E31C6F209A23FC00B9FB8E /* ButterflyTableViewController.swift */; };
		AFF3AD6C209ACF0A005A0884 /* ButterflyViewController.swift in Sources */ = {isa = PBXBuildFile; fileRef = AFF3AD6B209ACF0A005A0884 /* ButterflyViewController.swift */; };
		AFF3AD6E209AD60B005A0884 /* ButterflyTableViewCell.swift in Sources */ = {isa = PBXBuildFile; fileRef = AFF3AD6D209AD60B005A0884 /* ButterflyTableViewCell.swift */; };
		AFF3AD70209AD92C005A0884 /* ShowbutterflyViewController.swift in Sources */ = {isa = PBXBuildFile; fileRef = AFF3AD6F209AD92C005A0884 /* ShowbutterflyViewController.swift */; };
/* End PBXBuildFile section */

/* Begin PBXFileReference section */
		62819B0120BD9A4D00FF4482 /* Butterfly.swift */ = {isa = PBXFileReference; lastKnownFileType = sourcecode.swift; path = Butterfly.swift; sourceTree = "<group>"; };
		62819B0720BDA27000FF4482 /* ButterflyDetailHeaderView.swift */ = {isa = PBXFileReference; lastKnownFileType = sourcecode.swift; path = ButterflyDetailHeaderView.swift; sourceTree = "<group>"; };
		62819B0920BE70D400FF4482 /* ButterflyDetailIconTextCell.swift */ = {isa = PBXFileReference; lastKnownFileType = sourcecode.swift; path = ButterflyDetailIconTextCell.swift; sourceTree = "<group>"; };
		62819B0B20BE73CA00FF4482 /* ButterflyDetailTextCell.swift */ = {isa = PBXFileReference; lastKnownFileType = sourcecode.swift; path = ButterflyDetailTextCell.swift; sourceTree = "<group>"; };
		62819B0F20BEDEC000FF4482 /* Rubik-BlackItalic.ttf */ = {isa = PBXFileReference; lastKnownFileType = file; path = "Rubik-BlackItalic.ttf"; sourceTree = "<group>"; };
		62819B1020BEDEC100FF4482 /* Rubik-BoldItalic.ttf */ = {isa = PBXFileReference; lastKnownFileType = file; path = "Rubik-BoldItalic.ttf"; sourceTree = "<group>"; };
		62819B1120BEDEC100FF4482 /* Rubik-Light.ttf */ = {isa = PBXFileReference; lastKnownFileType = file; path = "Rubik-Light.ttf"; sourceTree = "<group>"; };
		62819B1220BEDEC200FF4482 /* Rubik-Regular.ttf */ = {isa = PBXFileReference; lastKnownFileType = file; path = "Rubik-Regular.ttf"; sourceTree = "<group>"; };
		62819B1320BEDEC300FF4482 /* OFL.txt */ = {isa = PBXFileReference; fileEncoding = 4; lastKnownFileType = text; path = OFL.txt; sourceTree = "<group>"; };
		62819B1420BEDEC300FF4482 /* Rubik-Italic.ttf */ = {isa = PBXFileReference; lastKnownFileType = file; path = "Rubik-Italic.ttf"; sourceTree = "<group>"; };
		62819B1520BEDEC400FF4482 /* Rubik-LightItalic.ttf */ = {isa = PBXFileReference; lastKnownFileType = file; path = "Rubik-LightItalic.ttf"; sourceTree = "<group>"; };
		62819B1620BEDEC400FF4482 /* Rubik-Bold.ttf */ = {isa = PBXFileReference; lastKnownFileType = file; path = "Rubik-Bold.ttf"; sourceTree = "<group>"; };
		62819B1720BEDEC500FF4482 /* Rubik-Medium.ttf */ = {isa = PBXFileReference; lastKnownFileType = file; path = "Rubik-Medium.ttf"; sourceTree = "<group>"; };
		62819B1820BEDEC600FF4482 /* Rubik-MediumItalic.ttf */ = {isa = PBXFileReference; lastKnownFileType = file; path = "Rubik-MediumItalic.ttf"; sourceTree = "<group>"; };
		62819B1920BEDEC700FF4482 /* Rubik-Black.ttf */ = {isa = PBXFileReference; lastKnownFileType = file; path = "Rubik-Black.ttf"; sourceTree = "<group>"; };
		62A27DED20C143280009A9DF /* OFL.txt */ = {isa = PBXFileReference; fileEncoding = 4; lastKnownFileType = text; name = OFL.txt; path = mid/Resource/Font2/OFL.txt; sourceTree = SOURCE_ROOT; };
		62A27DEE20C143280009A9DF /* PT_Sans-Web-Italic.ttf */ = {isa = PBXFileReference; lastKnownFileType = file; name = "PT_Sans-Web-Italic.ttf"; path = "mid/Resource/Font2/PT_Sans-Web-Italic.ttf"; sourceTree = SOURCE_ROOT; };
		62A27DEF20C143280009A9DF /* PT_Sans-Web-Regular.ttf */ = {isa = PBXFileReference; lastKnownFileType = file; name = "PT_Sans-Web-Regular.ttf"; path = "mid/Resource/Font2/PT_Sans-Web-Regular.ttf"; sourceTree = SOURCE_ROOT; };
		62A27DF020C143280009A9DF /* PT_Sans-Web-BoldItalic.ttf */ = {isa = PBXFileReference; lastKnownFileType = file; name = "PT_Sans-Web-BoldItalic.ttf"; path = "mid/Resource/Font2/PT_Sans-Web-BoldItalic.ttf"; sourceTree = SOURCE_ROOT; };
		62A27DF120C143290009A9DF /* PT_Sans-Web-Bold.ttf */ = {isa = PBXFileReference; lastKnownFileType = file; name = "PT_Sans-Web-Bold.ttf"; path = "mid/Resource/Font2/PT_Sans-Web-Bold.ttf"; sourceTree = SOURCE_ROOT; };
		62BCFA5C20DBEF28005C9F1A /* MapKit.framework */ = {isa = PBXFileReference; lastKnownFileType = wrapper.framework; name = MapKit.framework; path = System/Library/Frameworks/MapKit.framework; sourceTree = SDKROOT; };
		62BCFA5E20DBF39E005C9F1A /* ButterflyDetailSeparatorCell.swift */ = {isa = PBXFileReference; lastKnownFileType = sourcecode.swift; path = ButterflyDetailSeparatorCell.swift; sourceTree = "<group>"; };
		62BCFA6020DBF494005C9F1A /* ButterflyDetailMapCell.swift */ = {isa = PBXFileReference; lastKnownFileType = sourcecode.swift; path = ButterflyDetailMapCell.swift; sourceTree = "<group>"; };
		62BCFA6220DBFA00005C9F1A /* MapViewController.swift */ = {isa = PBXFileReference; lastKnownFileType = sourcecode.swift; path = MapViewController.swift; sourceTree = "<group>"; };
		62E31C56209A1C3600B9FB8E /* mid.app */ = {isa = PBXFileReference; explicitFileType = wrapper.application; includeInIndex = 0; path = mid.app; sourceTree = BUILT_PRODUCTS_DIR; };
		62E31C59209A1C3600B9FB8E /* AppDelegate.swift */ = {isa = PBXFileReference; lastKnownFileType = sourcecode.swift; path = AppDelegate.swift; sourceTree = "<group>"; };
		62E31C5E209A1C3600B9FB8E /* Base */ = {isa = PBXFileReference; lastKnownFileType = file.storyboard; name = Base; path = Base.lproj/Main.storyboard; sourceTree = "<group>"; };
		62E31C60209A1C3700B9FB8E /* Assets.xcassets */ = {isa = PBXFileReference; lastKnownFileType = folder.assetcatalog; path = Assets.xcassets; sourceTree = "<group>"; };
		62E31C63209A1C3700B9FB8E /* Base */ = {isa = PBXFileReference; lastKnownFileType = file.storyboard; name = Base; path = Base.lproj/LaunchScreen.storyboard; sourceTree = "<group>"; };
		62E31C65209A1C3700B9FB8E /* Info.plist */ = {isa = PBXFileReference; lastKnownFileType = text.plist.xml; path = Info.plist; sourceTree = "<group>"; };
		62E31C6F209A23FC00B9FB8E /* ButterflyTableViewController.swift */ = {isa = PBXFileReference; lastKnownFileType = sourcecode.swift; path = ButterflyTableViewController.swift; sourceTree = "<group>"; };
		AFF3AD6B209ACF0A005A0884 /* ButterflyViewController.swift */ = {isa = PBXFileReference; lastKnownFileType = sourcecode.swift; path = ButterflyViewController.swift; sourceTree = "<group>"; };
		AFF3AD6D209AD60B005A0884 /* ButterflyTableViewCell.swift */ = {isa = PBXFileReference; lastKnownFileType = sourcecode.swift; path = ButterflyTableViewCell.swift; sourceTree = "<group>"; };
		AFF3AD6F209AD92C005A0884 /* ShowbutterflyViewController.swift */ = {isa = PBXFileReference; lastKnownFileType = sourcecode.swift; path = ShowbutterflyViewController.swift; sourceTree = "<group>"; };
/* End PBXFileReference section */

/* Begin PBXFrameworksBuildPhase section */
		62E31C53209A1C3600B9FB8E /* Frameworks */ = {
			isa = PBXFrameworksBuildPhase;
			buildActionMask = 2147483647;
			files = (
				62BCFA5D20DBEF28005C9F1A /* MapKit.framework in Frameworks */,
			);
			runOnlyForDeploymentPostprocessing = 0;
		};
/* End PBXFrameworksBuildPhase section */

/* Begin PBXGroup section */
		62819B0320BD9D9C00FF4482 /* Controller */ = {
			isa = PBXGroup;
			children = (
				62E31C6F209A23FC00B9FB8E /* ButterflyTableViewController.swift */,
				AFF3AD6B209ACF0A005A0884 /* ButterflyViewController.swift */,
				AFF3AD6F209AD92C005A0884 /* ShowbutterflyViewController.swift */,
				62BCFA6220DBFA00005C9F1A /* MapViewController.swift */,
			);
			path = Controller;
			sourceTree = "<group>";
		};
		62819B0420BD9DB900FF4482 /* Model */ = {
			isa = PBXGroup;
			children = (
				62819B0120BD9A4D00FF4482 /* Butterfly.swift */,
			);
			path = Model;
			sourceTree = "<group>";
		};
		62819B0520BD9DC600FF4482 /* View */ = {
			isa = PBXGroup;
			children = (
				AFF3AD6D209AD60B005A0884 /* ButterflyTableViewCell.swift */,
				62819B0720BDA27000FF4482 /* ButterflyDetailHeaderView.swift */,
				62819B0920BE70D400FF4482 /* ButterflyDetailIconTextCell.swift */,
				62819B0B20BE73CA00FF4482 /* ButterflyDetailTextCell.swift */,
				62BCFA5E20DBF39E005C9F1A /* ButterflyDetailSeparatorCell.swift */,
				62BCFA6020DBF494005C9F1A /* ButterflyDetailMapCell.swift */,
			);
			path = View;
			sourceTree = "<group>";
		};
		62819B0620BD9DE000FF4482 /* Storyboard */ = {
			isa = PBXGroup;
			children = (
				62E31C5D209A1C3600B9FB8E /* Main.storyboard */,
				62E31C62209A1C3700B9FB8E /* LaunchScreen.storyboard */,
			);
			path = Storyboard;
			sourceTree = "<group>";
		};
		62819B0D20BEDDEA00FF4482 /* Resource */ = {
			isa = PBXGroup;
			children = (
				62819B0E20BEDDF600FF4482 /* Font */,
			);
			path = Resource;
			sourceTree = "<group>";
		};
		62819B0E20BEDDF600FF4482 /* Font */ = {
			isa = PBXGroup;
			children = (
				62819B1320BEDEC300FF4482 /* OFL.txt */,
				62819B1920BEDEC700FF4482 /* Rubik-Black.ttf */,
				62819B0F20BEDEC000FF4482 /* Rubik-BlackItalic.ttf */,
				62819B1620BEDEC400FF4482 /* Rubik-Bold.ttf */,
				62819B1020BEDEC100FF4482 /* Rubik-BoldItalic.ttf */,
				62819B1420BEDEC300FF4482 /* Rubik-Italic.ttf */,
				62A27DED20C143280009A9DF /* OFL.txt */,
				62A27DF120C143290009A9DF /* PT_Sans-Web-Bold.ttf */,
				62A27DF020C143280009A9DF /* PT_Sans-Web-BoldItalic.ttf */,
				62A27DEE20C143280009A9DF /* PT_Sans-Web-Italic.ttf */,
				62A27DEF20C143280009A9DF /* PT_Sans-Web-Regular.ttf */,
				62819B1120BEDEC100FF4482 /* Rubik-Light.ttf */,
				62819B1520BEDEC400FF4482 /* Rubik-LightItalic.ttf */,
				62819B1720BEDEC500FF4482 /* Rubik-Medium.ttf */,
				62819B1820BEDEC600FF4482 /* Rubik-MediumItalic.ttf */,
				62819B1220BEDEC200FF4482 /* Rubik-Regular.ttf */,
			);
			path = Font;
			sourceTree = "<group>";
		};
		62BCFA5B20DBEF28005C9F1A /* Frameworks */ = {
			isa = PBXGroup;
			children = (
				62BCFA5C20DBEF28005C9F1A /* MapKit.framework */,
			);
			name = Frameworks;
			sourceTree = "<group>";
		};
		62E31C4D209A1C3600B9FB8E = {
			isa = PBXGroup;
			children = (
				62E31C58209A1C3600B9FB8E /* mid */,
				62E31C57209A1C3600B9FB8E /* Products */,
				62BCFA5B20DBEF28005C9F1A /* Frameworks */,
			);
			sourceTree = "<group>";
		};
		62E31C57209A1C3600B9FB8E /* Products */ = {
			isa = PBXGroup;
			children = (
				62E31C56209A1C3600B9FB8E /* mid.app */,
			);
			name = Products;
			sourceTree = "<group>";
		};
		62E31C58209A1C3600B9FB8E /* mid */ = {
			isa = PBXGroup;
			children = (
				62819B0D20BEDDEA00FF4482 /* Resource */,
				62819B0620BD9DE000FF4482 /* Storyboard */,
				62819B0520BD9DC600FF4482 /* View */,
				62819B0420BD9DB900FF4482 /* Model */,
				62819B0320BD9D9C00FF4482 /* Controller */,
				62E31C59209A1C3600B9FB8E /* AppDelegate.swift */,
				62E31C60209A1C3700B9FB8E /* Assets.xcassets */,
				62E31C65209A1C3700B9FB8E /* Info.plist */,
			);
			path = mid;
			sourceTree = "<group>";
		};
/* End PBXGroup section */

/* Begin PBXNativeTarget section */
		62E31C55209A1C3600B9FB8E /* mid */ = {
			isa = PBXNativeTarget;
			buildConfigurationList = 62E31C68209A1C3700B9FB8E /* Build configuration list for PBXNativeTarget "mid" */;
			buildPhases = (
				62E31C52209A1C3600B9FB8E /* Sources */,
				62E31C53209A1C3600B9FB8E /* Frameworks */,
				62E31C54209A1C3600B9FB8E /* Resources */,
			);
			buildRules = (
			);
			dependencies = (
			);
			name = mid;
			productName = mid;
			productReference = 62E31C56209A1C3600B9FB8E /* mid.app */;
			productType = "com.apple.product-type.application";
		};
/* End PBXNativeTarget section */

/* Begin PBXProject section */
		62E31C4E209A1C3600B9FB8E /* Project object */ = {
			isa = PBXProject;
			attributes = {
				LastSwiftUpdateCheck = 0930;
				LastUpgradeCheck = 0930;
				ORGANIZATIONNAME = csie;
				TargetAttributes = {
					62E31C55209A1C3600B9FB8E = {
						CreatedOnToolsVersion = 9.3;
						SystemCapabilities = {
							com.apple.Maps.iOS = {
								enabled = 1;
							};
						};
					};
				};
			};
			buildConfigurationList = 62E31C51209A1C3600B9FB8E /* Build configuration list for PBXProject "mid" */;
			compatibilityVersion = "Xcode 9.3";
			developmentRegion = en;
			hasScannedForEncodings = 0;
			knownRegions = (
				en,
				Base,
			);
			mainGroup = 62E31C4D209A1C3600B9FB8E;
			productRefGroup = 62E31C57209A1C3600B9FB8E /* Products */;
			projectDirPath = "";
			projectRoot = "";
			targets = (
				62E31C55209A1C3600B9FB8E /* mid */,
			);
		};
/* End PBXProject section */

/* Begin PBXResourcesBuildPhase section */
		62E31C54209A1C3600B9FB8E /* Resources */ = {
			isa = PBXResourcesBuildPhase;
			buildActionMask = 2147483647;
			files = (
				62A27DF220C143290009A9DF /* OFL.txt in Resources */,
				62819B2120BEDEC800FF4482 /* Rubik-Bold.ttf in Resources */,
				62819B1B20BEDEC800FF4482 /* Rubik-BoldItalic.ttf in Resources */,
				62819B2020BEDEC800FF4482 /* Rubik-LightItalic.ttf in Resources */,
				62819B2220BEDEC800FF4482 /* Rubik-Medium.ttf in Resources */,
				62A27DF520C143290009A9DF /* PT_Sans-Web-BoldItalic.ttf in Resources */,
				62A27DF420C143290009A9DF /* PT_Sans-Web-Regular.ttf in Resources */,
				62819B1D20BEDEC800FF4482 /* Rubik-Regular.ttf in Resources */,
				62819B1C20BEDEC800FF4482 /* Rubik-Light.ttf in Resources */,
				62E31C64209A1C3700B9FB8E /* LaunchScreen.storyboard in Resources */,
				62A27DF320C143290009A9DF /* PT_Sans-Web-Italic.ttf in Resources */,
				62A27DF620C143290009A9DF /* PT_Sans-Web-Bold.ttf in Resources */,
				62E31C61209A1C3700B9FB8E /* Assets.xcassets in Resources */,
				62819B1F20BEDEC800FF4482 /* Rubik-Italic.ttf in Resources */,
				62819B2320BEDEC800FF4482 /* Rubik-MediumItalic.ttf in Resources */,
				62819B2420BEDEC800FF4482 /* Rubik-Black.ttf in Resources */,
				62819B1A20BEDEC800FF4482 /* Rubik-BlackItalic.ttf in Resources */,
				62819B1E20BEDEC800FF4482 /* OFL.txt in Resources */,
				62E31C5F209A1C3600B9FB8E /* Main.storyboard in Resources */,
			);
			runOnlyForDeploymentPostprocessing = 0;
		};
/* End PBXResourcesBuildPhase section */

/* Begin PBXSourcesBuildPhase section */
		62E31C52209A1C3600B9FB8E /* Sources */ = {
			isa = PBXSourcesBuildPhase;
			buildActionMask = 2147483647;
			files = (
				AFF3AD70209AD92C005A0884 /* ShowbutterflyViewController.swift in Sources */,
				62819B0C20BE73CA00FF4482 /* ButterflyDetailTextCell.swift in Sources */,
				62E31C5A209A1C3600B9FB8E /* AppDelegate.swift in Sources */,
				62E31C70209A23FC00B9FB8E /* ButterflyTableViewController.swift in Sources */,
				62BCFA5F20DBF39E005C9F1A /* ButterflyDetailSeparatorCell.swift in Sources */,
				62819B0220BD9A4D00FF4482 /* Butterfly.swift in Sources */,
				62BCFA6120DBF494005C9F1A /* ButterflyDetailMapCell.swift in Sources */,
				62BCFA6320DBFA00005C9F1A /* MapViewController.swift in Sources */,
				AFF3AD6C209ACF0A005A0884 /* ButterflyViewController.swift in Sources */,
				62819B0820BDA27000FF4482 /* ButterflyDetailHeaderView.swift in Sources */,
				62819B0A20BE70D400FF4482 /* ButterflyDetailIconTextCell.swift in Sources */,
				AFF3AD6E209AD60B005A0884 /* ButterflyTableViewCell.swift in Sources */,
			);
			runOnlyForDeploymentPostprocessing = 0;
		};
/* End PBXSourcesBuildPhase section */

/* Begin PBXVariantGroup section */
		62E31C5D209A1C3600B9FB8E /* Main.storyboard */ = {
			isa = PBXVariantGroup;
			children = (
				62E31C5E209A1C3600B9FB8E /* Base */,
			);
			name = Main.storyboard;
			sourceTree = "<group>";
		};
		62E31C62209A1C3700B9FB8E /* LaunchScreen.storyboard */ = {
			isa = PBXVariantGroup;
			children = (
				62E31C63209A1C3700B9FB8E /* Base */,
			);
			name = LaunchScreen.storyboard;
			sourceTree = "<group>";
		};
/* End PBXVariantGroup section */

/* Begin XCBuildConfiguration section */
		62E31C66209A1C3700B9FB8E /* Debug */ = {
			isa = XCBuildConfiguration;
			buildSettings = {
				ALWAYS_SEARCH_USER_PATHS = NO;
				CLANG_ANALYZER_NONNULL = YES;
				CLANG_ANALYZER_NUMBER_OBJECT_CONVERSION = YES_AGGRESSIVE;
				CLANG_CXX_LANGUAGE_STANDARD = "gnu++14";
				CLANG_CXX_LIBRARY = "libc++";
				CLANG_ENABLE_MODULES = YES;
				CLANG_ENABLE_OBJC_ARC = YES;
				CLANG_ENABLE_OBJC_WEAK = YES;
				CLANG_WARN_BLOCK_CAPTURE_AUTORELEASING = YES;
				CLANG_WARN_BOOL_CONVERSION = YES;
				CLANG_WARN_COMMA = YES;
				CLANG_WARN_CONSTANT_CONVERSION = YES;
				CLANG_WARN_DEPRECATED_OBJC_IMPLEMENTATIONS = YES;
				CLANG_WARN_DIRECT_OBJC_ISA_USAGE = YES_ERROR;
				CLANG_WARN_DOCUMENTATION_COMMENTS = YES;
				CLANG_WARN_EMPTY_BODY = YES;
				CLANG_WARN_ENUM_CONVERSION = YES;
				CLANG_WARN_INFINITE_RECURSION = YES;
				CLANG_WARN_INT_CONVERSION = YES;
				CLANG_WARN_NON_LITERAL_NULL_CONVERSION = YES;
				CLANG_WARN_OBJC_IMPLICIT_RETAIN_SELF = YES;
				CLANG_WARN_OBJC_LITERAL_CONVERSION = YES;
				CLANG_WARN_OBJC_ROOT_CLASS = YES_ERROR;
				CLANG_WARN_RANGE_LOOP_ANALYSIS = YES;
				CLANG_WARN_STRICT_PROTOTYPES = YES;
				CLANG_WARN_SUSPICIOUS_MOVE = YES;
				CLANG_WARN_UNGUARDED_AVAILABILITY = YES_AGGRESSIVE;
				CLANG_WARN_UNREACHABLE_CODE = YES;
				CLANG_WARN__DUPLICATE_METHOD_MATCH = YES;
				CODE_SIGN_IDENTITY = "iPhone Developer";
				COPY_PHASE_STRIP = NO;
				DEBUG_INFORMATION_FORMAT = dwarf;
				ENABLE_STRICT_OBJC_MSGSEND = YES;
				ENABLE_TESTABILITY = YES;
				GCC_C_LANGUAGE_STANDARD = gnu11;
				GCC_DYNAMIC_NO_PIC = NO;
				GCC_NO_COMMON_BLOCKS = YES;
				GCC_OPTIMIZATION_LEVEL = 0;
				GCC_PREPROCESSOR_DEFINITIONS = (
					"DEBUG=1",
					"$(inherited)",
				);
				GCC_WARN_64_TO_32_BIT_CONVERSION = YES;
				GCC_WARN_ABOUT_RETURN_TYPE = YES_ERROR;
				GCC_WARN_UNDECLARED_SELECTOR = YES;
				GCC_WARN_UNINITIALIZED_AUTOS = YES_AGGRESSIVE;
				GCC_WARN_UNUSED_FUNCTION = YES;
				GCC_WARN_UNUSED_VARIABLE = YES;
				IPHONEOS_DEPLOYMENT_TARGET = 11.3;
				MTL_ENABLE_DEBUG_INFO = YES;
				ONLY_ACTIVE_ARCH = YES;
				SDKROOT = iphoneos;
				SWIFT_ACTIVE_COMPILATION_CONDITIONS = DEBUG;
				SWIFT_OPTIMIZATION_LEVEL = "-Onone";
			};
			name = Debug;
		};
		62E31C67209A1C3700B9FB8E /* Release */ = {
			isa = XCBuildConfiguration;
			buildSettings = {
				ALWAYS_SEARCH_USER_PATHS = NO;
				CLANG_ANALYZER_NONNULL = YES;
				CLANG_ANALYZER_NUMBER_OBJECT_CONVERSION = YES_AGGRESSIVE;
				CLANG_CXX_LANGUAGE_STANDARD = "gnu++14";
				CLANG_CXX_LIBRARY = "libc++";
				CLANG_ENABLE_MODULES = YES;
				CLANG_ENABLE_OBJC_ARC = YES;
				CLANG_ENABLE_OBJC_WEAK = YES;
				CLANG_WARN_BLOCK_CAPTURE_AUTORELEASING = YES;
				CLANG_WARN_BOOL_CONVERSION = YES;
				CLANG_WARN_COMMA = YES;
				CLANG_WARN_CONSTANT_CONVERSION = YES;
				CLANG_WARN_DEPRECATED_OBJC_IMPLEMENTATIONS = YES;
				CLANG_WARN_DIRECT_OBJC_ISA_USAGE = YES_ERROR;
				CLANG_WARN_DOCUMENTATION_COMMENTS = YES;
				CLANG_WARN_EMPTY_BODY = YES;
				CLANG_WARN_ENUM_CONVERSION = YES;
				CLANG_WARN_INFINITE_RECURSION = YES;
				CLANG_WARN_INT_CONVERSION = YES;
				CLANG_WARN_NON_LITERAL_NULL_CONVERSION = YES;
				CLANG_WARN_OBJC_IMPLICIT_RETAIN_SELF = YES;
				CLANG_WARN_OBJC_LITERAL_CONVERSION = YES;
				CLANG_WARN_OBJC_ROOT_CLASS = YES_ERROR;
				CLANG_WARN_RANGE_LOOP_ANALYSIS = YES;
				CLANG_WARN_STRICT_PROTOTYPES = YES;
				CLANG_WARN_SUSPICIOUS_MOVE = YES;
				CLANG_WARN_UNGUARDED_AVAILABILITY = YES_AGGRESSIVE;
				CLANG_WARN_UNREACHABLE_CODE = YES;
				CLANG_WARN__DUPLICATE_METHOD_MATCH = YES;
				CODE_SIGN_IDENTITY = "iPhone Developer";
				COPY_PHASE_STRIP = NO;
				DEBUG_INFORMATION_FORMAT = "dwarf-with-dsym";
				ENABLE_NS_ASSERTIONS = NO;
				ENABLE_STRICT_OBJC_MSGSEND = YES;
				GCC_C_LANGUAGE_STANDARD = gnu11;
				GCC_NO_COMMON_BLOCKS = YES;
				GCC_WARN_64_TO_32_BIT_CONVERSION = YES;
				GCC_WARN_ABOUT_RETURN_TYPE = YES_ERROR;
				GCC_WARN_UNDECLARED_SELECTOR = YES;
				GCC_WARN_UNINITIALIZED_AUTOS = YES_AGGRESSIVE;
				GCC_WARN_UNUSED_FUNCTION = YES;
				GCC_WARN_UNUSED_VARIABLE = YES;
				IPHONEOS_DEPLOYMENT_TARGET = 11.3;
				MTL_ENABLE_DEBUG_INFO = NO;
				SDKROOT = iphoneos;
				SWIFT_COMPILATION_MODE = wholemodule;
				SWIFT_OPTIMIZATION_LEVEL = "-O";
				VALIDATE_PRODUCT = YES;
			};
			name = Release;
		};
		62E31C69209A1C3700B9FB8E /* Debug */ = {
			isa = XCBuildConfiguration;
			buildSettings = {
				ASSETCATALOG_COMPILER_APPICON_NAME = AppIcon;
				CODE_SIGN_STYLE = Automatic;
				DEVELOPMENT_TEAM = FJM478WRFL;
				INFOPLIST_FILE = mid/Info.plist;
				IPHONEOS_DEPLOYMENT_TARGET = 11.0;
				LD_RUNPATH_SEARCH_PATHS = (
					"$(inherited)",
					"@executable_path/Frameworks",
				);
				PRODUCT_BUNDLE_IDENTIFIER = ncnu.csie.mid;
				PRODUCT_NAME = "$(TARGET_NAME)";
				SWIFT_VERSION = 4.0;
				TARGETED_DEVICE_FAMILY = "1,2";
			};
			name = Debug;
		};
		62E31C6A209A1C3700B9FB8E /* Release */ = {
			isa = XCBuildConfiguration;
			buildSettings = {
				ASSETCATALOG_COMPILER_APPICON_NAME = AppIcon;
				CODE_SIGN_STYLE = Automatic;
				DEVELOPMENT_TEAM = FJM478WRFL;
				INFOPLIST_FILE = mid/Info.plist;
				IPHONEOS_DEPLOYMENT_TARGET = 11.0;
				LD_RUNPATH_SEARCH_PATHS = (
					"$(inherited)",
					"@executable_path/Frameworks",
				);
				PRODUCT_BUNDLE_IDENTIFIER = ncnu.csie.mid;
				PRODUCT_NAME = "$(TARGET_NAME)";
				SWIFT_VERSION = 4.0;
				TARGETED_DEVICE_FAMILY = "1,2";
			};
			name = Release;
		};
/* End XCBuildConfiguration section */

/* Begin XCConfigurationList section */
		62E31C51209A1C3600B9FB8E /* Build configuration list for PBXProject "mid" */ = {
			isa = XCConfigurationList;
			buildConfigurations = (
				62E31C66209A1C3700B9FB8E /* Debug */,
				62E31C67209A1C3700B9FB8E /* Release */,
			);
			defaultConfigurationIsVisible = 0;
			defaultConfigurationName = Release;
		};
		62E31C68209A1C3700B9FB8E /* Build configuration list for PBXNativeTarget "mid" */ = {
			isa = XCConfigurationList;
			buildConfigurations = (
				62E31C69209A1C3700B9FB8E /* Debug */,
				62E31C6A209A1C3700B9FB8E /* Release */,
			);
			defaultConfigurationIsVisible = 0;
			defaultConfigurationName = Release;
		};
/* End XCConfigurationList section */
	};
	rootObject = 62E31C4E209A1C3600B9FB8E /* Project object */;
}
